
Microsoft Visual Studio Solution File, Format Version 12.00
# Visual Studio Version 17
VisualStudioVersion = 17.0.32014.148
MinimumVisualStudioVersion = 10.0.40219.1
Project("{9A19103F-16F7-4668-BE54-9A1E7A4F7556}") = "HokmChampions", "HokmChampions\HokmChampions.csproj", "{051EBC6C-8D6E-4275-B02C-0C1E93DC2BEA}"
EndProject
Global
	GlobalSection(SolutionConfigurationPlatforms) = preSolution
		Debug|Any CPU = Debug|Any CPU
		Release|Any CPU = Release|Any CPU
	EndGlobalSection
	GlobalSection(ProjectConfigurationPlatforms) = postSolution
		{051EBC6C-8D6E-4275-B02C-0C1E93DC2BEA}.Debug|Any CPU.ActiveCfg = Debug|Any CPU
		{051EBC6C-8D6E-4275-B02C-0C1E93DC2BEA}.Debug|Any CPU.Build.0 = Debug|Any CPU
		{051EBC6C-8D6E-4275-B02C-0C1E93DC2BEA}.Release|Any CPU.ActiveCfg = Release|Any CPU
		{051EBC6C-8D6E-4275-B02C-0C1E93DC2BEA}.Release|Any CPU.Build.0 = Release|Any CPU
	EndGlobalSection
	GlobalSection(SolutionProperties) = preSolution
		HideSolutionNode = FALSE
	EndGlobalSection
	GlobalSection(ExtensibilityGlobals) = postSolution
		SolutionGuid = {A8E6FE9B-08F1-43D3-8C3E-785ED213D5A5}
	EndGlobalSection
EndGlobal
